
Microsoft Visual Studio Solution File, Format Version 12.00
# Visual Studio Version 16
VisualStudioVersion = 16.0.30320.27
MinimumVisualStudioVersion = 10.0.40219.1
Project("{FAE04EC0-301F-11D3-BF4B-00C04F79EFBC}") = "FirstApp", "FirstApp\FirstApp.csproj", "{BD406266-CC23-4159-8F1F-DC8EDD436823}"
EndProject
Global
	GlobalSection(SolutionConfigurationPlatforms) = preSolution
		Debug|Any CPU = Debug|Any CPU
		Release|Any CPU = Release|Any CPU
	EndGlobalSection
	GlobalSection(ProjectConfigurationPlatforms) = postSolution
		{BD406266-CC23-4159-8F1F-DC8EDD436823}.Debug|Any CPU.ActiveCfg = Debug|Any CPU
		{BD406266-CC23-4159-8F1F-DC8EDD436823}.Debug|Any CPU.Build.0 = Debug|Any CPU
		{BD406266-CC23-4159-8F1F-DC8EDD436823}.Release|Any CPU.ActiveCfg = Release|Any CPU
		{BD406266-CC23-4159-8F1F-DC8EDD436823}.Release|Any CPU.Build.0 = Release|Any CPU
	EndGlobalSection
	GlobalSection(SolutionProperties) = preSolution
		HideSolutionNode = FALSE
	EndGlobalSection
	GlobalSection(ExtensibilityGlobals) = postSolution
		SolutionGuid = {DEF38767-FCC0-408E-B432-EF59EED13CA4}
	EndGlobalSection
EndGlobal
