
Microsoft Visual Studio Solution File, Format Version 12.00
# Visual Studio Version 16
VisualStudioVersion = 16.0.30320.27
MinimumVisualStudioVersion = 10.0.40219.1
Project("{FAE04EC0-301F-11D3-BF4B-00C04F79EFBC}") = "AccessModifiers", "AccessModifiers\AccessModifiers.csproj", "{84FFCDCE-5F33-4DFE-8960-52B22EF10700}"
EndProject
Global
	GlobalSection(SolutionConfigurationPlatforms) = preSolution
		Debug|Any CPU = Debug|Any CPU
		Release|Any CPU = Release|Any CPU
	EndGlobalSection
	GlobalSection(ProjectConfigurationPlatforms) = postSolution
		{84FFCDCE-5F33-4DFE-8960-52B22EF10700}.Debug|Any CPU.ActiveCfg = Debug|Any CPU
		{84FFCDCE-5F33-4DFE-8960-52B22EF10700}.Debug|Any CPU.Build.0 = Debug|Any CPU
		{84FFCDCE-5F33-4DFE-8960-52B22EF10700}.Release|Any CPU.ActiveCfg = Release|Any CPU
		{84FFCDCE-5F33-4DFE-8960-52B22EF10700}.Release|Any CPU.Build.0 = Release|Any CPU
	EndGlobalSection
	GlobalSection(SolutionProperties) = preSolution
		HideSolutionNode = FALSE
	EndGlobalSection
	GlobalSection(ExtensibilityGlobals) = postSolution
		SolutionGuid = {B985F824-6791-413C-9D43-3362E350455E}
	EndGlobalSection
EndGlobal
