
Microsoft Visual Studio Solution File, Format Version 12.00
# Visual Studio Version 16
VisualStudioVersion = 16.0.30320.27
MinimumVisualStudioVersion = 10.0.40219.1
Project("{FAE04EC0-301F-11D3-BF4B-00C04F79EFBC}") = "Arrays", "Arrays\Arrays.csproj", "{2DE52DF7-542C-43CB-B308-B7A327D5E65F}"
EndProject
Global
	GlobalSection(SolutionConfigurationPlatforms) = preSolution
		Debug|Any CPU = Debug|Any CPU
		Release|Any CPU = Release|Any CPU
	EndGlobalSection
	GlobalSection(ProjectConfigurationPlatforms) = postSolution
		{2DE52DF7-542C-43CB-B308-B7A327D5E65F}.Debug|Any CPU.ActiveCfg = Debug|Any CPU
		{2DE52DF7-542C-43CB-B308-B7A327D5E65F}.Debug|Any CPU.Build.0 = Debug|Any CPU
		{2DE52DF7-542C-43CB-B308-B7A327D5E65F}.Release|Any CPU.ActiveCfg = Release|Any CPU
		{2DE52DF7-542C-43CB-B308-B7A327D5E65F}.Release|Any CPU.Build.0 = Release|Any CPU
	EndGlobalSection
	GlobalSection(SolutionProperties) = preSolution
		HideSolutionNode = FALSE
	EndGlobalSection
	GlobalSection(ExtensibilityGlobals) = postSolution
		SolutionGuid = {0CC66E0B-4996-4A89-BE10-78659CBA01AF}
	EndGlobalSection
EndGlobal
